// !$*UTF8*$!
{
	archiveVersion = 1;
	classes = {
	};
	objectVersion = 56;
	objects = {

/* Begin PBXBuildFile section */
		743BC8732A13E4EA0068C0AA /* AppetizersAppSAApp.swift in Sources */ = {isa = PBXBuildFile; fileRef = 743BC8722A13E4EA0068C0AA /* AppetizersAppSAApp.swift */; };
		743BC8752A13E4EA0068C0AA /* AppetizerTabView.swift in Sources */ = {isa = PBXBuildFile; fileRef = 743BC8742A13E4EA0068C0AA /* AppetizerTabView.swift */; };
		743BC8772A13E4EC0068C0AA /* Assets.xcassets in Resources */ = {isa = PBXBuildFile; fileRef = 743BC8762A13E4EC0068C0AA /* Assets.xcassets */; };
		743BC87A2A13E4EC0068C0AA /* Preview Assets.xcassets in Resources */ = {isa = PBXBuildFile; fileRef = 743BC8792A13E4EC0068C0AA /* Preview Assets.xcassets */; };
		743BC8812A13E6270068C0AA /* AppetizerListView.swift in Sources */ = {isa = PBXBuildFile; fileRef = 743BC8802A13E6270068C0AA /* AppetizerListView.swift */; };
		743BC8832A13E6320068C0AA /* AccountView.swift in Sources */ = {isa = PBXBuildFile; fileRef = 743BC8822A13E6320068C0AA /* AccountView.swift */; };
		743BC8852A13E6450068C0AA /* OrderView.swift in Sources */ = {isa = PBXBuildFile; fileRef = 743BC8842A13E6450068C0AA /* OrderView.swift */; };
		743BC8872A13FDA40068C0AA /* Appetizer.swift in Sources */ = {isa = PBXBuildFile; fileRef = 743BC8862A13FDA40068C0AA /* Appetizer.swift */; };
		743BC8892A1403FF0068C0AA /* AppetizerListCell.swift in Sources */ = {isa = PBXBuildFile; fileRef = 743BC8882A1403FF0068C0AA /* AppetizerListCell.swift */; };
		743BC88B2A14069C0068C0AA /* NetworkManager.swift in Sources */ = {isa = PBXBuildFile; fileRef = 743BC88A2A14069C0068C0AA /* NetworkManager.swift */; };
		743BC88D2A1407B90068C0AA /* APError.swift in Sources */ = {isa = PBXBuildFile; fileRef = 743BC88C2A1407B90068C0AA /* APError.swift */; };
		743BC88F2A140EE80068C0AA /* AppetizerListViewModel.swift in Sources */ = {isa = PBXBuildFile; fileRef = 743BC88E2A140EE80068C0AA /* AppetizerListViewModel.swift */; };
		743BC8912A141C020068C0AA /* Alert.swift in Sources */ = {isa = PBXBuildFile; fileRef = 743BC8902A141C020068C0AA /* Alert.swift */; };
/* End PBXBuildFile section */

/* Begin PBXFileReference section */
		743BC86F2A13E4EA0068C0AA /* AppetizersAppSA.app */ = {isa = PBXFileReference; explicitFileType = wrapper.application; includeInIndex = 0; path = AppetizersAppSA.app; sourceTree = BUILT_PRODUCTS_DIR; };
		743BC8722A13E4EA0068C0AA /* AppetizersAppSAApp.swift */ = {isa = PBXFileReference; lastKnownFileType = sourcecode.swift; path = AppetizersAppSAApp.swift; sourceTree = "<group>"; };
		743BC8742A13E4EA0068C0AA /* AppetizerTabView.swift */ = {isa = PBXFileReference; lastKnownFileType = sourcecode.swift; path = AppetizerTabView.swift; sourceTree = "<group>"; };
		743BC8762A13E4EC0068C0AA /* Assets.xcassets */ = {isa = PBXFileReference; lastKnownFileType = folder.assetcatalog; path = Assets.xcassets; sourceTree = "<group>"; };
		743BC8792A13E4EC0068C0AA /* Preview Assets.xcassets */ = {isa = PBXFileReference; lastKnownFileType = folder.assetcatalog; path = "Preview Assets.xcassets"; sourceTree = "<group>"; };
		743BC8802A13E6270068C0AA /* AppetizerListView.swift */ = {isa = PBXFileReference; lastKnownFileType = sourcecode.swift; path = AppetizerListView.swift; sourceTree = "<group>"; };
		743BC8822A13E6320068C0AA /* AccountView.swift */ = {isa = PBXFileReference; lastKnownFileType = sourcecode.swift; path = AccountView.swift; sourceTree = "<group>"; };
		743BC8842A13E6450068C0AA /* OrderView.swift */ = {isa = PBXFileReference; lastKnownFileType = sourcecode.swift; path = OrderView.swift; sourceTree = "<group>"; };
		743BC8862A13FDA40068C0AA /* Appetizer.swift */ = {isa = PBXFileReference; lastKnownFileType = sourcecode.swift; path = Appetizer.swift; sourceTree = "<group>"; };
		743BC8882A1403FF0068C0AA /* AppetizerListCell.swift */ = {isa = PBXFileReference; lastKnownFileType = sourcecode.swift; path = AppetizerListCell.swift; sourceTree = "<group>"; };
		743BC88A2A14069C0068C0AA /* NetworkManager.swift */ = {isa = PBXFileReference; lastKnownFileType = sourcecode.swift; path = NetworkManager.swift; sourceTree = "<group>"; };
		743BC88C2A1407B90068C0AA /* APError.swift */ = {isa = PBXFileReference; lastKnownFileType = sourcecode.swift; path = APError.swift; sourceTree = "<group>"; };
		743BC88E2A140EE80068C0AA /* AppetizerListViewModel.swift */ = {isa = PBXFileReference; lastKnownFileType = sourcecode.swift; path = AppetizerListViewModel.swift; sourceTree = "<group>"; };
		743BC8902A141C020068C0AA /* Alert.swift */ = {isa = PBXFileReference; lastKnownFileType = sourcecode.swift; path = Alert.swift; sourceTree = "<group>"; };
/* End PBXFileReference section */

/* Begin PBXFrameworksBuildPhase section */
		743BC86C2A13E4EA0068C0AA /* Frameworks */ = {
			isa = PBXFrameworksBuildPhase;
			buildActionMask = 2147483647;
			files = (
			);
			runOnlyForDeploymentPostprocessing = 0;
		};
/* End PBXFrameworksBuildPhase section */

/* Begin PBXGroup section */
		743BC8662A13E4EA0068C0AA = {
			isa = PBXGroup;
			children = (
				743BC8712A13E4EA0068C0AA /* AppetizersAppSA */,
				743BC8702A13E4EA0068C0AA /* Products */,
			);
			sourceTree = "<group>";
		};
		743BC8702A13E4EA0068C0AA /* Products */ = {
			isa = PBXGroup;
			children = (
				743BC86F2A13E4EA0068C0AA /* AppetizersAppSA.app */,
			);
			name = Products;
			sourceTree = "<group>";
		};
		743BC8712A13E4EA0068C0AA /* AppetizersAppSA */ = {
			isa = PBXGroup;
			children = (
				743BC8722A13E4EA0068C0AA /* AppetizersAppSAApp.swift */,
				743BC8742A13E4EA0068C0AA /* AppetizerTabView.swift */,
				743BC8802A13E6270068C0AA /* AppetizerListView.swift */,
				743BC88E2A140EE80068C0AA /* AppetizerListViewModel.swift */,
				743BC8882A1403FF0068C0AA /* AppetizerListCell.swift */,
				743BC8822A13E6320068C0AA /* AccountView.swift */,
				743BC8842A13E6450068C0AA /* OrderView.swift */,
				743BC8862A13FDA40068C0AA /* Appetizer.swift */,
				743BC88A2A14069C0068C0AA /* NetworkManager.swift */,
				743BC88C2A1407B90068C0AA /* APError.swift */,
				743BC8902A141C020068C0AA /* Alert.swift */,
				743BC8762A13E4EC0068C0AA /* Assets.xcassets */,
				743BC8782A13E4EC0068C0AA /* Preview Content */,
			);
			path = AppetizersAppSA;
			sourceTree = "<group>";
		};
		743BC8782A13E4EC0068C0AA /* Preview Content */ = {
			isa = PBXGroup;
			children = (
				743BC8792A13E4EC0068C0AA /* Preview Assets.xcassets */,
			);
			path = "Preview Content";
			sourceTree = "<group>";
		};
/* End PBXGroup section */

/* Begin PBXNativeTarget section */
		743BC86E2A13E4EA0068C0AA /* AppetizersAppSA */ = {
			isa = PBXNativeTarget;
			buildConfigurationList = 743BC87D2A13E4EC0068C0AA /* Build configuration list for PBXNativeTarget "AppetizersAppSA" */;
			buildPhases = (
				743BC86B2A13E4EA0068C0AA /* Sources */,
				743BC86C2A13E4EA0068C0AA /* Frameworks */,
				743BC86D2A13E4EA0068C0AA /* Resources */,
			);
			buildRules = (
			);
			dependencies = (
			);
			name = AppetizersAppSA;
			productName = AppetizersAppSA;
			productReference = 743BC86F2A13E4EA0068C0AA /* AppetizersAppSA.app */;
			productType = "com.apple.product-type.application";
		};
/* End PBXNativeTarget section */

/* Begin PBXProject section */
		743BC8672A13E4EA0068C0AA /* Project object */ = {
			isa = PBXProject;
			attributes = {
				BuildIndependentTargetsInParallel = 1;
				LastSwiftUpdateCheck = 1430;
				LastUpgradeCheck = 1430;
				TargetAttributes = {
					743BC86E2A13E4EA0068C0AA = {
						CreatedOnToolsVersion = 14.3;
					};
				};
			};
			buildConfigurationList = 743BC86A2A13E4EA0068C0AA /* Build configuration list for PBXProject "AppetizersAppSA" */;
			compatibilityVersion = "Xcode 14.0";
			developmentRegion = en;
			hasScannedForEncodings = 0;
			knownRegions = (
				en,
				Base,
			);
			mainGroup = 743BC8662A13E4EA0068C0AA;
			productRefGroup = 743BC8702A13E4EA0068C0AA /* Products */;
			projectDirPath = "";
			projectRoot = "";
			targets = (
				743BC86E2A13E4EA0068C0AA /* AppetizersAppSA */,
			);
		};
/* End PBXProject section */

/* Begin PBXResourcesBuildPhase section */
		743BC86D2A13E4EA0068C0AA /* Resources */ = {
			isa = PBXResourcesBuildPhase;
			buildActionMask = 2147483647;
			files = (
				743BC87A2A13E4EC0068C0AA /* Preview Assets.xcassets in Resources */,
				743BC8772A13E4EC0068C0AA /* Assets.xcassets in Resources */,
			);
			runOnlyForDeploymentPostprocessing = 0;
		};
/* End PBXResourcesBuildPhase section */

/* Begin PBXSourcesBuildPhase section */
		743BC86B2A13E4EA0068C0AA /* Sources */ = {
			isa = PBXSourcesBuildPhase;
			buildActionMask = 2147483647;
			files = (
				743BC8872A13FDA40068C0AA /* Appetizer.swift in Sources */,
				743BC88D2A1407B90068C0AA /* APError.swift in Sources */,
				743BC8892A1403FF0068C0AA /* AppetizerListCell.swift in Sources */,
				743BC8832A13E6320068C0AA /* AccountView.swift in Sources */,
				743BC8752A13E4EA0068C0AA /* AppetizerTabView.swift in Sources */,
				743BC88B2A14069C0068C0AA /* NetworkManager.swift in Sources */,
				743BC8732A13E4EA0068C0AA /* AppetizersAppSAApp.swift in Sources */,
				743BC88F2A140EE80068C0AA /* AppetizerListViewModel.swift in Sources */,
				743BC8912A141C020068C0AA /* Alert.swift in Sources */,
				743BC8812A13E6270068C0AA /* AppetizerListView.swift in Sources */,
				743BC8852A13E6450068C0AA /* OrderView.swift in Sources */,
			);
			runOnlyForDeploymentPostprocessing = 0;
		};
/* End PBXSourcesBuildPhase section */

/* Begin XCBuildConfiguration section */
		743BC87B2A13E4EC0068C0AA /* Debug */ = {
			isa = XCBuildConfiguration;
			buildSettings = {
				ALWAYS_SEARCH_USER_PATHS = NO;
				CLANG_ANALYZER_NONNULL = YES;
				CLANG_ANALYZER_NUMBER_OBJECT_CONVERSION = YES_AGGRESSIVE;
				CLANG_CXX_LANGUAGE_STANDARD = "gnu++20";
				CLANG_ENABLE_MODULES = YES;
				CLANG_ENABLE_OBJC_ARC = YES;
				CLANG_ENABLE_OBJC_WEAK = YES;
				CLANG_WARN_BLOCK_CAPTURE_AUTORELEASING = YES;
				CLANG_WARN_BOOL_CONVERSION = YES;
				CLANG_WARN_COMMA = YES;
				CLANG_WARN_CONSTANT_CONVERSION = YES;
				CLANG_WARN_DEPRECATED_OBJC_IMPLEMENTATIONS = YES;
				CLANG_WARN_DIRECT_OBJC_ISA_USAGE = YES_ERROR;
				CLANG_WARN_DOCUMENTATION_COMMENTS = YES;
				CLANG_WARN_EMPTY_BODY = YES;
				CLANG_WARN_ENUM_CONVERSION = YES;
				CLANG_WARN_INFINITE_RECURSION = YES;
				CLANG_WARN_INT_CONVERSION = YES;
				CLANG_WARN_NON_LITERAL_NULL_CONVERSION = YES;
				CLANG_WARN_OBJC_IMPLICIT_RETAIN_SELF = YES;
				CLANG_WARN_OBJC_LITERAL_CONVERSION = YES;
				CLANG_WARN_OBJC_ROOT_CLASS = YES_ERROR;
				CLANG_WARN_QUOTED_INCLUDE_IN_FRAMEWORK_HEADER = YES;
				CLANG_WARN_RANGE_LOOP_ANALYSIS = YES;
				CLANG_WARN_STRICT_PROTOTYPES = YES;
				CLANG_WARN_SUSPICIOUS_MOVE = YES;
				CLANG_WARN_UNGUARDED_AVAILABILITY = YES_AGGRESSIVE;
				CLANG_WARN_UNREACHABLE_CODE = YES;
				CLANG_WARN__DUPLICATE_METHOD_MATCH = YES;
				COPY_PHASE_STRIP = NO;
				DEBUG_INFORMATION_FORMAT = dwarf;
				ENABLE_STRICT_OBJC_MSGSEND = YES;
				ENABLE_TESTABILITY = YES;
				GCC_C_LANGUAGE_STANDARD = gnu11;
				GCC_DYNAMIC_NO_PIC = NO;
				GCC_NO_COMMON_BLOCKS = YES;
				GCC_OPTIMIZATION_LEVEL = 0;
				GCC_PREPROCESSOR_DEFINITIONS = (
					"DEBUG=1",
					"$(inherited)",
				);
				GCC_WARN_64_TO_32_BIT_CONVERSION = YES;
				GCC_WARN_ABOUT_RETURN_TYPE = YES_ERROR;
				GCC_WARN_UNDECLARED_SELECTOR = YES;
				GCC_WARN_UNINITIALIZED_AUTOS = YES_AGGRESSIVE;
				GCC_WARN_UNUSED_FUNCTION = YES;
				GCC_WARN_UNUSED_VARIABLE = YES;
				IPHONEOS_DEPLOYMENT_TARGET = 16.4;
				MTL_ENABLE_DEBUG_INFO = INCLUDE_SOURCE;
				MTL_FAST_MATH = YES;
				ONLY_ACTIVE_ARCH = YES;
				SDKROOT = iphoneos;
				SWIFT_ACTIVE_COMPILATION_CONDITIONS = DEBUG;
				SWIFT_OPTIMIZATION_LEVEL = "-Onone";
			};
			name = Debug;
		};
		743BC87C2A13E4EC0068C0AA /* Release */ = {
			isa = XCBuildConfiguration;
			buildSettings = {
				ALWAYS_SEARCH_USER_PATHS = NO;
				CLANG_ANALYZER_NONNULL = YES;
				CLANG_ANALYZER_NUMBER_OBJECT_CONVERSION = YES_AGGRESSIVE;
				CLANG_CXX_LANGUAGE_STANDARD = "gnu++20";
				CLANG_ENABLE_MODULES = YES;
				CLANG_ENABLE_OBJC_ARC = YES;
				CLANG_ENABLE_OBJC_WEAK = YES;
				CLANG_WARN_BLOCK_CAPTURE_AUTORELEASING = YES;
				CLANG_WARN_BOOL_CONVERSION = YES;
				CLANG_WARN_COMMA = YES;
				CLANG_WARN_CONSTANT_CONVERSION = YES;
				CLANG_WARN_DEPRECATED_OBJC_IMPLEMENTATIONS = YES;
				CLANG_WARN_DIRECT_OBJC_ISA_USAGE = YES_ERROR;
				CLANG_WARN_DOCUMENTATION_COMMENTS = YES;
				CLANG_WARN_EMPTY_BODY = YES;
				CLANG_WARN_ENUM_CONVERSION = YES;
				CLANG_WARN_INFINITE_RECURSION = YES;
				CLANG_WARN_INT_CONVERSION = YES;
				CLANG_WARN_NON_LITERAL_NULL_CONVERSION = YES;
				CLANG_WARN_OBJC_IMPLICIT_RETAIN_SELF = YES;
				CLANG_WARN_OBJC_LITERAL_CONVERSION = YES;
				CLANG_WARN_OBJC_ROOT_CLASS = YES_ERROR;
				CLANG_WARN_QUOTED_INCLUDE_IN_FRAMEWORK_HEADER = YES;
				CLANG_WARN_RANGE_LOOP_ANALYSIS = YES;
				CLANG_WARN_STRICT_PROTOTYPES = YES;
				CLANG_WARN_SUSPICIOUS_MOVE = YES;
				CLANG_WARN_UNGUARDED_AVAILABILITY = YES_AGGRESSIVE;
				CLANG_WARN_UNREACHABLE_CODE = YES;
				CLANG_WARN__DUPLICATE_METHOD_MATCH = YES;
				COPY_PHASE_STRIP = NO;
				DEBUG_INFORMATION_FORMAT = "dwarf-with-dsym";
				ENABLE_NS_ASSERTIONS = NO;
				ENABLE_STRICT_OBJC_MSGSEND = YES;
				GCC_C_LANGUAGE_STANDARD = gnu11;
				GCC_NO_COMMON_BLOCKS = YES;
				GCC_WARN_64_TO_32_BIT_CONVERSION = YES;
				GCC_WARN_ABOUT_RETURN_TYPE = YES_ERROR;
				GCC_WARN_UNDECLARED_SELECTOR = YES;
				GCC_WARN_UNINITIALIZED_AUTOS = YES_AGGRESSIVE;
				GCC_WARN_UNUSED_FUNCTION = YES;
				GCC_WARN_UNUSED_VARIABLE = YES;
				IPHONEOS_DEPLOYMENT_TARGET = 16.4;
				MTL_ENABLE_DEBUG_INFO = NO;
				MTL_FAST_MATH = YES;
				SDKROOT = iphoneos;
				SWIFT_COMPILATION_MODE = wholemodule;
				SWIFT_OPTIMIZATION_LEVEL = "-O";
				VALIDATE_PRODUCT = YES;
			};
			name = Release;
		};
		743BC87E2A13E4EC0068C0AA /* Debug */ = {
			isa = XCBuildConfiguration;
			buildSettings = {
				ASSETCATALOG_COMPILER_APPICON_NAME = AppIcon;
				ASSETCATALOG_COMPILER_GLOBAL_ACCENT_COLOR_NAME = AccentColor;
				CODE_SIGN_STYLE = Automatic;
				CURRENT_PROJECT_VERSION = 1;
				DEVELOPMENT_ASSET_PATHS = "\"AppetizersAppSA/Preview Content\"";
				DEVELOPMENT_TEAM = 4A45YWS7LC;
				ENABLE_PREVIEWS = YES;
				GENERATE_INFOPLIST_FILE = YES;
				INFOPLIST_KEY_UIApplicationSceneManifest_Generation = YES;
				INFOPLIST_KEY_UIApplicationSupportsIndirectInputEvents = YES;
				INFOPLIST_KEY_UILaunchScreen_Generation = YES;
				INFOPLIST_KEY_UISupportedInterfaceOrientations_iPad = "UIInterfaceOrientationPortrait UIInterfaceOrientationPortraitUpsideDown UIInterfaceOrientationLandscapeLeft UIInterfaceOrientationLandscapeRight";
				INFOPLIST_KEY_UISupportedInterfaceOrientations_iPhone = "UIInterfaceOrientationPortrait UIInterfaceOrientationLandscapeLeft UIInterfaceOrientationLandscapeRight";
				LD_RUNPATH_SEARCH_PATHS = (
					"$(inherited)",
					"@executable_path/Frameworks",
				);
				MARKETING_VERSION = 1.0;
				PRODUCT_BUNDLE_IDENTIFIER = com.AppetizersAppSA;
				PRODUCT_NAME = "$(TARGET_NAME)";
				SWIFT_EMIT_LOC_STRINGS = YES;
				SWIFT_VERSION = 5.0;
				TARGETED_DEVICE_FAMILY = "1,2";
			};
			name = Debug;
		};
		743BC87F2A13E4EC0068C0AA /* Release */ = {
			isa = XCBuildConfiguration;
			buildSettings = {
				ASSETCATALOG_COMPILER_APPICON_NAME = AppIcon;
				ASSETCATALOG_COMPILER_GLOBAL_ACCENT_COLOR_NAME = AccentColor;
				CODE_SIGN_STYLE = Automatic;
				CURRENT_PROJECT_VERSION = 1;
				DEVELOPMENT_ASSET_PATHS = "\"AppetizersAppSA/Preview Content\"";
				DEVELOPMENT_TEAM = 4A45YWS7LC;
				ENABLE_PREVIEWS = YES;
				GENERATE_INFOPLIST_FILE = YES;
				INFOPLIST_KEY_UIApplicationSceneManifest_Generation = YES;
				INFOPLIST_KEY_UIApplicationSupportsIndirectInputEvents = YES;
				INFOPLIST_KEY_UILaunchScreen_Generation = YES;
				INFOPLIST_KEY_UISupportedInterfaceOrientations_iPad = "UIInterfaceOrientationPortrait UIInterfaceOrientationPortraitUpsideDown UIInterfaceOrientationLandscapeLeft UIInterfaceOrientationLandscapeRight";
				INFOPLIST_KEY_UISupportedInterfaceOrientations_iPhone = "UIInterfaceOrientationPortrait UIInterfaceOrientationLandscapeLeft UIInterfaceOrientationLandscapeRight";
				LD_RUNPATH_SEARCH_PATHS = (
					"$(inherited)",
					"@executable_path/Frameworks",
				);
				MARKETING_VERSION = 1.0;
				PRODUCT_BUNDLE_IDENTIFIER = com.AppetizersAppSA;
				PRODUCT_NAME = "$(TARGET_NAME)";
				SWIFT_EMIT_LOC_STRINGS = YES;
				SWIFT_VERSION = 5.0;
				TARGETED_DEVICE_FAMILY = "1,2";
			};
			name = Release;
		};
/* End XCBuildConfiguration section */

/* Begin XCConfigurationList section */
		743BC86A2A13E4EA0068C0AA /* Build configuration list for PBXProject "AppetizersAppSA" */ = {
			isa = XCConfigurationList;
			buildConfigurations = (
				743BC87B2A13E4EC0068C0AA /* Debug */,
				743BC87C2A13E4EC0068C0AA /* Release */,
			);
			defaultConfigurationIsVisible = 0;
			defaultConfigurationName = Release;
		};
		743BC87D2A13E4EC0068C0AA /* Build configuration list for PBXNativeTarget "AppetizersAppSA" */ = {
			isa = XCConfigurationList;
			buildConfigurations = (
				743BC87E2A13E4EC0068C0AA /* Debug */,
				743BC87F2A13E4EC0068C0AA /* Release */,
			);
			defaultConfigurationIsVisible = 0;
			defaultConfigurationName = Release;
		};
/* End XCConfigurationList section */
	};
	rootObject = 743BC8672A13E4EA0068C0AA /* Project object */;
}
